
Microsoft Visual Studio Solution File, Format Version 12.00
# Visual Studio Version 16
VisualStudioVersion = 16.0.31402.337
MinimumVisualStudioVersion = 10.0.40219.1
Project("{FAE04EC0-301F-11D3-BF4B-00C04F79EFBC}") = "NpoiApplication", "NpoiApplication.csproj", "{BE477BAA-F23E-4673-A116-9D7411C87B41}"
EndProject
Global
	GlobalSection(SolutionConfigurationPlatforms) = preSolution
		Debug|Any CPU = Debug|Any CPU
		Release|Any CPU = Release|Any CPU
	EndGlobalSection
	GlobalSection(ProjectConfigurationPlatforms) = postSolution
		{BE477BAA-F23E-4673-A116-9D7411C87B41}.Debug|Any CPU.ActiveCfg = Debug|Any CPU
		{BE477BAA-F23E-4673-A116-9D7411C87B41}.Debug|Any CPU.Build.0 = Debug|Any CPU
		{BE477BAA-F23E-4673-A116-9D7411C87B41}.Release|Any CPU.ActiveCfg = Release|Any CPU
		{BE477BAA-F23E-4673-A116-9D7411C87B41}.Release|Any CPU.Build.0 = Release|Any CPU
	EndGlobalSection
	GlobalSection(SolutionProperties) = preSolution
		HideSolutionNode = FALSE
	EndGlobalSection
	GlobalSection(ExtensibilityGlobals) = postSolution
		SolutionGuid = {D540ABAE-4CB1-4DD4-BA62-8EDD182FA6D9}
	EndGlobalSection
EndGlobal
